<?xml version="1.0" encoding="utf-8"?>
<Project ToolsVersion="4.0" xmlns="http://schemas.microsoft.com/developer/msbuild/2003">
  <ItemGroup>
    <Filter Include="Source Files">
      <UniqueIdentifier>{4FC737F1-C7A5-4376-A066-2A32D752A2FF}</UniqueIdentifier>
      <Extensions>cpp;c;cxx;def;odl;idl;hpj;bat;asm;asmx</Extensions>
    </Filter>
    <Filter Include="Header Files">
      <UniqueIdentifier>{93995380-89BD-4b04-88EB-625FBE52EBFB}</UniqueIdentifier>
      <Extensions>h;hpp;hxx;hm;inl;inc;xsd</Extensions>
    </Filter>
    <Filter Include="Resource Files">
      <UniqueIdentifier>{67DA6AB6-F800-4c08-8B7A-83BB121AAD01}</UniqueIdentifier>
      <Extensions>rc;ico;cur;bmp;dlg;rc2;rct;bin;rgs;gif;jpg;jpeg;jpe;resx</Extensions>
    </Filter>
  </ItemGroup>
  <ItemGroup>
    <ClCompile Include="allocate.c">
      <Filter>Source Files</Filter>
    </ClCompile>
    <ClCompile Include="arglist.c">
      <Filter>Source Files</Filter>
    </ClCompile>
    <ClCompile Include="async.c">
      <Filter>Source Files</Filter>
    </ClCompile>
    <ClCompile Include="atomic.c">
      <Filter>Source Files</Filter>
    </ClCompile>
    <ClCompile Include="bool.c">
      <Filter>Source Files</Filter>
    </ClCompile>
    <ClCompile Include="class.c">
      <Filter>Source Files</Filter>
    </ClCompile>
    <ClCompile Include="data.c">
      <Filter>Source Files</Filter>
    </ClCompile>
    <ClCompile Include="dHash.c">
      <Filter>Source Files</Filter>
    </ClCompile>
    <ClCompile Include="dictionary.c">
      <Filter>Source Files</Filter>
    </ClCompile>
    <ClCompile Include="fcn.c">
      <Filter>Source Files</Filter>
    </ClCompile>
    <ClCompile Include="file.c">
      <Filter>Source Files</Filter>
    </ClCompile>
    <ClCompile Include="fxpand.c">
      <Filter>Source Files</Filter>
    </ClCompile>
    <ClCompile Include="gc.c">
      <Filter>Source Files</Filter>
    </ClCompile>
    <ClCompile Include="kdata.c">
      <Filter>Source Files</Filter>
    </ClCompile>
    <ClCompile Include="list.c">
      <Filter>Source Files</Filter>
    </ClCompile>
    <ClCompile Include="loader.c">
      <Filter>Source Files</Filter>
    </ClCompile>
    <ClCompile Include="main.c">
      <Filter>Source Files</Filter>
    </ClCompile>
    <ClCompile Include="Md5\md5c.c">
      <Filter>Source Files</Filter>
    </ClCompile>
    <ClCompile Include="method.c">
      <Filter>Source Files</Filter>
    </ClCompile>
    <ClCompile Include="miscObj.c">
      <Filter>Source Files</Filter>
    </ClCompile>
    <ClCompile Include="number.c">
      <Filter>Source Files</Filter>
    </ClCompile>
    <ClCompile Include="object.c">
      <Filter>Source Files</Filter>
    </ClCompile>
    <ClCompile Include="pcBlock.c">
      <Filter>Source Files</Filter>
    </ClCompile>
    <ClCompile Include="pipe.c">
      <Filter>Source Files</Filter>
    </ClCompile>
    <ClCompile Include="regex.c">
      <Filter>Source Files</Filter>
    </ClCompile>
    <ClCompile Include="sfmt.c">
      <Filter>Source Files</Filter>
    </ClCompile>
    <ClCompile Include="string.c">
      <Filter>Source Files</Filter>
    </ClCompile>
    <ClCompile Include="tcpSocket.c">
      <Filter>Source Files</Filter>
    </ClCompile>
    <ClCompile Include="thread.c">
      <Filter>Source Files</Filter>
    </ClCompile>
    <ClCompile Include="typeTable.c">
      <Filter>Source Files</Filter>
    </ClCompile>
    <ClCompile Include="util.c">
      <Filter>Source Files</Filter>
    </ClCompile>
    <ClCompile Include="vault.c">
      <Filter>Source Files</Filter>
    </ClCompile>
    <ClCompile Include="vm.c">
      <Filter>Source Files</Filter>
    </ClCompile>
    <ClCompile Include="void.c">
      <Filter>Source Files</Filter>
    </ClCompile>
    <ClCompile Include="wad.c">
      <Filter>Source Files</Filter>
    </ClCompile>
    <ClCompile Include="walker.c">
      <Filter>Source Files</Filter>
    </ClCompile>
    <ClCompile Include="wildmat.c">
      <Filter>Source Files</Filter>
    </ClCompile>
  </ItemGroup>
  <ItemGroup>
    <ClInclude Include="dHash.h">
      <Filter>Header Files</Filter>
    </ClInclude>
    <ClInclude Include="resource.h">
      <Filter>Header Files</Filter>
    </ClInclude>
    <ClInclude Include="zklArglist.h">
      <Filter>Header Files</Filter>
    </ClInclude>
    <ClInclude Include="zklAtomic.h">
      <Filter>Header Files</Filter>
    </ClInclude>
    <ClInclude Include="zklClass.h">
      <Filter>Header Files</Filter>
    </ClInclude>
    <ClInclude Include="zklData.h">
      <Filter>Header Files</Filter>
    </ClInclude>
    <ClInclude Include="zklDictionary.h">
      <Filter>Header Files</Filter>
    </ClInclude>
    <ClInclude Include="zklFcn.h">
      <Filter>Header Files</Filter>
    </ClInclude>
    <ClInclude Include="zklList.h">
      <Filter>Header Files</Filter>
    </ClInclude>
    <ClInclude Include="zklMemory.h">
      <Filter>Header Files</Filter>
    </ClInclude>
    <ClInclude Include="zklMethod.h">
      <Filter>Header Files</Filter>
    </ClInclude>
    <ClInclude Include="zklNumber.h">
      <Filter>Header Files</Filter>
    </ClInclude>
    <ClInclude Include="zklObject.h">
      <Filter>Header Files</Filter>
    </ClInclude>
    <ClInclude Include="zklOpcodes.h">
      <Filter>Header Files</Filter>
    </ClInclude>
    <ClInclude Include="zklPCBlock.h">
      <Filter>Header Files</Filter>
    </ClInclude>
    <ClInclude Include="zklString.h">
      <Filter>Header Files</Filter>
    </ClInclude>
    <ClInclude Include="zklUtil.h">
      <Filter>Header Files</Filter>
    </ClInclude>
  </ItemGroup>
</Project>